
Microsoft Visual Studio Solution File, Format Version 12.00
# Visual Studio Version 17
VisualStudioVersion = 17.3.32901.215
MinimumVisualStudioVersion = 10.0.40219.1
Project("{9A19103F-16F7-4668-BE54-9A1E7A4F7556}") = "EmployeeManagementSystem.PresentationLayer", "EmployeeManagementSystem\EmployeeManagementSystem.PresentationLayer.csproj", "{D8C46C29-9867-42D1-B899-4383345EBB25}"
EndProject
Project("{9A19103F-16F7-4668-BE54-9A1E7A4F7556}") = "EmployeeManagementSystem.DataAccessLayer", "EmployeeManagementSystem.DataAccessLayer\EmployeeManagementSystem.DataAccessLayer.csproj", "{7392E05A-249F-4DA8-9919-C5EF1DD09AAD}"
EndProject
Project("{9A19103F-16F7-4668-BE54-9A1E7A4F7556}") = "EmployeeManagementSystem.BusinessLogicLayer", "EmployeeManagementSystem.BusinessLogicLayer\EmployeeManagementSystem.BusinessLogicLayer.csproj", "{2BC2E7B7-68DD-4F12-8A80-B3ECEC083469}"
EndProject
Project("{FAE04EC0-301F-11D3-BF4B-00C04F79EFBC}") = "EmployeeManagementSystem.Entities", "EmployeeManagementSystem.Entities\EmployeeManagementSystem.Entities.csproj", "{356447DB-5334-4487-8CB9-E600996650BE}"
EndProject
Global
	GlobalSection(SolutionConfigurationPlatforms) = preSolution
		Debug|Any CPU = Debug|Any CPU
		Release|Any CPU = Release|Any CPU
	EndGlobalSection
	GlobalSection(ProjectConfigurationPlatforms) = postSolution
		{D8C46C29-9867-42D1-B899-4383345EBB25}.Debug|Any CPU.ActiveCfg = Debug|Any CPU
		{D8C46C29-9867-42D1-B899-4383345EBB25}.Debug|Any CPU.Build.0 = Debug|Any CPU
		{D8C46C29-9867-42D1-B899-4383345EBB25}.Release|Any CPU.ActiveCfg = Release|Any CPU
		{D8C46C29-9867-42D1-B899-4383345EBB25}.Release|Any CPU.Build.0 = Release|Any CPU
		{7392E05A-249F-4DA8-9919-C5EF1DD09AAD}.Debug|Any CPU.ActiveCfg = Debug|Any CPU
		{7392E05A-249F-4DA8-9919-C5EF1DD09AAD}.Debug|Any CPU.Build.0 = Debug|Any CPU
		{7392E05A-249F-4DA8-9919-C5EF1DD09AAD}.Release|Any CPU.ActiveCfg = Release|Any CPU
		{7392E05A-249F-4DA8-9919-C5EF1DD09AAD}.Release|Any CPU.Build.0 = Release|Any CPU
		{2BC2E7B7-68DD-4F12-8A80-B3ECEC083469}.Debug|Any CPU.ActiveCfg = Debug|Any CPU
		{2BC2E7B7-68DD-4F12-8A80-B3ECEC083469}.Debug|Any CPU.Build.0 = Debug|Any CPU
		{2BC2E7B7-68DD-4F12-8A80-B3ECEC083469}.Release|Any CPU.ActiveCfg = Release|Any CPU
		{2BC2E7B7-68DD-4F12-8A80-B3ECEC083469}.Release|Any CPU.Build.0 = Release|Any CPU
		{356447DB-5334-4487-8CB9-E600996650BE}.Debug|Any CPU.ActiveCfg = Debug|Any CPU
		{356447DB-5334-4487-8CB9-E600996650BE}.Debug|Any CPU.Build.0 = Debug|Any CPU
		{356447DB-5334-4487-8CB9-E600996650BE}.Release|Any CPU.ActiveCfg = Release|Any CPU
		{356447DB-5334-4487-8CB9-E600996650BE}.Release|Any CPU.Build.0 = Release|Any CPU
	EndGlobalSection
	GlobalSection(SolutionProperties) = preSolution
		HideSolutionNode = FALSE
	EndGlobalSection
	GlobalSection(ExtensibilityGlobals) = postSolution
		SolutionGuid = {7365CE82-342B-4A94-932E-5ABDE13D2BC8}
	EndGlobalSection
EndGlobal
